# This file was autogenerated by uv via the following command:
#    uv pip compile pyproject.toml --python-version 3.12 -o packaging/requirements.lock
-e vendor/buenavista
    # via pgwire-calcite (pyproject.toml)
duckdb==1.5.4
    # via pgwire-calcite (pyproject.toml)
jpype1==1.7.1
    # via pgwire-calcite (pyproject.toml)
packaging==26.2
    # via jpype1
pyarrow==24.0.0
    # via pgwire-calcite (pyproject.toml)
python-dateutil==2.9.0.post0
    # via
    #   pgwire-calcite (pyproject.toml)
    #   buenavista
six==1.17.0
    # via python-dateutil
sqlglot==30.12.0
    # via
    #   pgwire-calcite (pyproject.toml)
    #   buenavista
